// !$*UTF8*$!
{
	archiveVersion = 1;
	classes = {
	};
	objectVersion = 51;
	objects = {

/* Begin PBXBuildFile section */
		5957BCB8A841FA6DF4652922 /* Pods_CurrencyApp_CurrencyAppUITests.framework in Frameworks */ = {isa = PBXBuildFile; fileRef = 374E625E716EF1478FA1ED51 /* Pods_CurrencyApp_CurrencyAppUITests.framework */; };
		676971A478D9EF41E3752131 /* Pods_CurrencyAppTests.framework in Frameworks */ = {isa = PBXBuildFile; fileRef = A494C44BF9BC3DBE09110EDB /* Pods_CurrencyAppTests.framework */; };
		B50189C9041D5FB75C8C5DAF /* Pods_CurrencyApp.framework in Frameworks */ = {isa = PBXBuildFile; fileRef = E4FC8DDD73EDA49734745A23 /* Pods_CurrencyApp.framework */; };
		F031FDDD2600DBAC004F47D5 /* UIViewController+Extension.swift in Sources */ = {isa = PBXBuildFile; fileRef = F031FDDC2600DBAC004F47D5 /* UIViewController+Extension.swift */; };
		F031FDED2600E048004F47D5 /* MainPageInteractorTests.swift in Sources */ = {isa = PBXBuildFile; fileRef = F031FDEC2600E048004F47D5 /* MainPageInteractorTests.swift */; };
		F031FDF52600E056004F47D5 /* MainPagePresenterTests.swift in Sources */ = {isa = PBXBuildFile; fileRef = F031FDF42600E056004F47D5 /* MainPagePresenterTests.swift */; };
		F031FE0226025BF7004F47D5 /* currencies.json in Resources */ = {isa = PBXBuildFile; fileRef = F031FE0126025BF7004F47D5 /* currencies.json */; };
		F0555B0C25F8B04E00F23EDD /* MockCurrencyResponseFactory.swift in Sources */ = {isa = PBXBuildFile; fileRef = F0555B0B25F8B04E00F23EDD /* MockCurrencyResponseFactory.swift */; };
		F0555B1525F8B2A400F23EDD /* MockCurrencyErrorResponseFactory.swift in Sources */ = {isa = PBXBuildFile; fileRef = F0555B1425F8B2A400F23EDD /* MockCurrencyErrorResponseFactory.swift */; };
		F0555B2C25F8C8EC00F23EDD /* CurrencyRemoteDataSourceTests.swift in Sources */ = {isa = PBXBuildFile; fileRef = F0555B2B25F8C8EC00F23EDD /* CurrencyRemoteDataSourceTests.swift */; };
		F0555B3D25F8CABB00F23EDD /* get_currencies_success.json in Resources */ = {isa = PBXBuildFile; fileRef = F0555B3C25F8CABB00F23EDD /* get_currencies_success.json */; };
		F0555B4525F8CB2700F23EDD /* get_rates_success.json in Resources */ = {isa = PBXBuildFile; fileRef = F0555B4425F8CB2700F23EDD /* get_rates_success.json */; };
		F0634EB725F8DC3400FE5224 /* get_conversion_success.json in Resources */ = {isa = PBXBuildFile; fileRef = F0634EB625F8DC3400FE5224 /* get_conversion_success.json */; };
		F0634EBF25F91B8400FE5224 /* MockCurrencyRemoteDataSource.swift in Sources */ = {isa = PBXBuildFile; fileRef = F0634EBE25F91B8400FE5224 /* MockCurrencyRemoteDataSource.swift */; };
		F0634ECC25F91BF700FE5224 /* MockCurrencyRepository.swift in Sources */ = {isa = PBXBuildFile; fileRef = F0634ECB25F91BF700FE5224 /* MockCurrencyRepository.swift */; };
		F0634ED325F91DEC00FE5224 /* MockGetCurrenciesUseCase.swift in Sources */ = {isa = PBXBuildFile; fileRef = F0634ED225F91DEC00FE5224 /* MockGetCurrenciesUseCase.swift */; };
		F0634EE725F91F2B00FE5224 /* GetCurrenciesUseCaseTests.swift in Sources */ = {isa = PBXBuildFile; fileRef = F0634EE625F91F2B00FE5224 /* GetCurrenciesUseCaseTests.swift */; };
		F0634EEF25F9211F00FE5224 /* MockGetRatesUseCase.swift in Sources */ = {isa = PBXBuildFile; fileRef = F0634EEE25F9211F00FE5224 /* MockGetRatesUseCase.swift */; };
		F0634EF425F9218600FE5224 /* GetRatesUseCaseTests.swift in Sources */ = {isa = PBXBuildFile; fileRef = F0634EF325F9218600FE5224 /* GetRatesUseCaseTests.swift */; };
		F0634EF925F9220800FE5224 /* MockGetConversionUseCase.swift in Sources */ = {isa = PBXBuildFile; fileRef = F0634EF825F9220800FE5224 /* MockGetConversionUseCase.swift */; };
		F0634F0125F922E200FE5224 /* GetConversionUseCaseTests.swift in Sources */ = {isa = PBXBuildFile; fileRef = F0634F0025F922E200FE5224 /* GetConversionUseCaseTests.swift */; };
		F06D27E625F9251400E7BA88 /* CurrencyAPITests.swift in Sources */ = {isa = PBXBuildFile; fileRef = F06D27E525F9251400E7BA88 /* CurrencyAPITests.swift */; };
		F06D282B25F9B7AA00E7BA88 /* MainPagePresenter.swift in Sources */ = {isa = PBXBuildFile; fileRef = F06D282325F9B7AA00E7BA88 /* MainPagePresenter.swift */; };
		F06D282D25F9B7AA00E7BA88 /* MainPageRouter.swift in Sources */ = {isa = PBXBuildFile; fileRef = F06D282525F9B7AA00E7BA88 /* MainPageRouter.swift */; };
		F06D282E25F9B7AA00E7BA88 /* MainPageViewController.swift in Sources */ = {isa = PBXBuildFile; fileRef = F06D282625F9B7AA00E7BA88 /* MainPageViewController.swift */; };
		F06D282F25F9B7AA00E7BA88 /* MainPageProtocols.swift in Sources */ = {isa = PBXBuildFile; fileRef = F06D282725F9B7AA00E7BA88 /* MainPageProtocols.swift */; };
		F06D283025F9B7AA00E7BA88 /* MainPageInteractor.swift in Sources */ = {isa = PBXBuildFile; fileRef = F06D282825F9B7AA00E7BA88 /* MainPageInteractor.swift */; };
		F06D283125F9B7AA00E7BA88 /* MainPage.swift in Sources */ = {isa = PBXBuildFile; fileRef = F06D282925F9B7AA00E7BA88 /* MainPage.swift */; };
		F06D283E25F9B86600E7BA88 /* MainPage.storyboard in Resources */ = {isa = PBXBuildFile; fileRef = F06D283D25F9B86600E7BA88 /* MainPage.storyboard */; };
		F06D285025FA2A2000E7BA88 /* Double+Extensions.swift in Sources */ = {isa = PBXBuildFile; fileRef = F06D284F25FA2A2000E7BA88 /* Double+Extensions.swift */; };
		F06D290025FB6CA500E7BA88 /* CALayer+Extensions.swift in Sources */ = {isa = PBXBuildFile; fileRef = F06D28FF25FB6CA500E7BA88 /* CALayer+Extensions.swift */; };
		F076F80126051DC50083AD3A /* JSONUtils.swift in Sources */ = {isa = PBXBuildFile; fileRef = F076F80026051DC50083AD3A /* JSONUtils.swift */; };
		F076F8232606463E0083AD3A /* SelectCurrencyPresenter.swift in Sources */ = {isa = PBXBuildFile; fileRef = F076F81B2606463E0083AD3A /* SelectCurrencyPresenter.swift */; };
		F076F8252606463E0083AD3A /* SelectCurrencyRouter.swift in Sources */ = {isa = PBXBuildFile; fileRef = F076F81D2606463E0083AD3A /* SelectCurrencyRouter.swift */; };
		F076F8262606463E0083AD3A /* SelectCurrencyViewController.swift in Sources */ = {isa = PBXBuildFile; fileRef = F076F81E2606463E0083AD3A /* SelectCurrencyViewController.swift */; };
		F076F8272606463E0083AD3A /* SelectCurrencyProtocols.swift in Sources */ = {isa = PBXBuildFile; fileRef = F076F81F2606463E0083AD3A /* SelectCurrencyProtocols.swift */; };
		F076F8282606463E0083AD3A /* SelectCurrencyInteractor.swift in Sources */ = {isa = PBXBuildFile; fileRef = F076F8202606463E0083AD3A /* SelectCurrencyInteractor.swift */; };
		F076F8292606463E0083AD3A /* SelectCurrency.swift in Sources */ = {isa = PBXBuildFile; fileRef = F076F8212606463E0083AD3A /* SelectCurrency.swift */; };
		F076F839260646D90083AD3A /* SelectCurrencyButton.swift in Sources */ = {isa = PBXBuildFile; fileRef = F076F838260646D90083AD3A /* SelectCurrencyButton.swift */; };
		F076F8402606473E0083AD3A /* Delegate.swift in Sources */ = {isa = PBXBuildFile; fileRef = F076F83F2606473E0083AD3A /* Delegate.swift */; };
		F076F84D260649E30083AD3A /* SelectCurrency.storyboard in Resources */ = {isa = PBXBuildFile; fileRef = F076F84C260649E30083AD3A /* SelectCurrency.storyboard */; };
		F076F85426064B0B0083AD3A /* SelectCurrencyTableViewCell.swift in Sources */ = {isa = PBXBuildFile; fileRef = F076F85226064B0B0083AD3A /* SelectCurrencyTableViewCell.swift */; };
		F076F85526064B0B0083AD3A /* SelectCurrencyTableViewCell.xib in Resources */ = {isa = PBXBuildFile; fileRef = F076F85326064B0B0083AD3A /* SelectCurrencyTableViewCell.xib */; };
		F0B1D55225F77DAD00CBEFD7 /* AppDelegate.swift in Sources */ = {isa = PBXBuildFile; fileRef = F0B1D55125F77DAD00CBEFD7 /* AppDelegate.swift */; };
		F0B1D55925F77DAD00CBEFD7 /* Main.storyboard in Resources */ = {isa = PBXBuildFile; fileRef = F0B1D55725F77DAD00CBEFD7 /* Main.storyboard */; };
		F0B1D55B25F77DAF00CBEFD7 /* Assets.xcassets in Resources */ = {isa = PBXBuildFile; fileRef = F0B1D55A25F77DAF00CBEFD7 /* Assets.xcassets */; };
		F0B1D55E25F77DAF00CBEFD7 /* LaunchScreen.storyboard in Resources */ = {isa = PBXBuildFile; fileRef = F0B1D55C25F77DAF00CBEFD7 /* LaunchScreen.storyboard */; };
		F0B1D57425F77DB000CBEFD7 /* CurrencyAppUITests.swift in Sources */ = {isa = PBXBuildFile; fileRef = F0B1D57325F77DB000CBEFD7 /* CurrencyAppUITests.swift */; };
		F0B1D5B525F7833300CBEFD7 /* Config.swift in Sources */ = {isa = PBXBuildFile; fileRef = F0B1D5B425F7833300CBEFD7 /* Config.swift */; };
		F0B1D5BD25F7838E00CBEFD7 /* Config.plist in Resources */ = {isa = PBXBuildFile; fileRef = F0B1D5BC25F7838E00CBEFD7 /* Config.plist */; };
		F0B1D5C525F786FA00CBEFD7 /* Bundle+Extensions.swift in Sources */ = {isa = PBXBuildFile; fileRef = F0B1D5C425F786FA00CBEFD7 /* Bundle+Extensions.swift */; };
		F0B1D5CA25F7CB8400CBEFD7 /* GetCurrenciesResponse.swift in Sources */ = {isa = PBXBuildFile; fileRef = F0B1D5C925F7CB8400CBEFD7 /* GetCurrenciesResponse.swift */; };
		F0B1D5CF25F7CBCF00CBEFD7 /* BaseResponse.swift in Sources */ = {isa = PBXBuildFile; fileRef = F0B1D5CE25F7CBCF00CBEFD7 /* BaseResponse.swift */; };
		F0B1D5D725F7CD9200CBEFD7 /* GetRatesResponse.swift in Sources */ = {isa = PBXBuildFile; fileRef = F0B1D5D625F7CD9200CBEFD7 /* GetRatesResponse.swift */; };
		F0B1D5DC25F7CE0A00CBEFD7 /* GetConversionResponse.swift in Sources */ = {isa = PBXBuildFile; fileRef = F0B1D5DB25F7CE0A00CBEFD7 /* GetConversionResponse.swift */; };
		F0B1D5E925F7D6AA00CBEFD7 /* GetCurrenciesRequest.swift in Sources */ = {isa = PBXBuildFile; fileRef = F0B1D5E825F7D6AA00CBEFD7 /* GetCurrenciesRequest.swift */; };
		F0B1D5EF25F7D6FD00CBEFD7 /* Constants.swift in Sources */ = {isa = PBXBuildFile; fileRef = F0B1D5EE25F7D6FD00CBEFD7 /* Constants.swift */; };
		F0B1D5FC25F7D7F800CBEFD7 /* GetRatesRequest.swift in Sources */ = {isa = PBXBuildFile; fileRef = F0B1D5FB25F7D7F800CBEFD7 /* GetRatesRequest.swift */; };
		F0B1D60125F7D82300CBEFD7 /* GetConversionRequest.swift in Sources */ = {isa = PBXBuildFile; fileRef = F0B1D60025F7D82300CBEFD7 /* GetConversionRequest.swift */; };
		F0B1D60925F7DE1500CBEFD7 /* RequestConfigable.swift in Sources */ = {isa = PBXBuildFile; fileRef = F0B1D60825F7DE1500CBEFD7 /* RequestConfigable.swift */; };
		F0B1D61825F7E04400CBEFD7 /* BaseRequest.swift in Sources */ = {isa = PBXBuildFile; fileRef = F0B1D61725F7E04400CBEFD7 /* BaseRequest.swift */; };
		F0B1D61D25F7E0F600CBEFD7 /* Requestable.swift in Sources */ = {isa = PBXBuildFile; fileRef = F0B1D61C25F7E0F600CBEFD7 /* Requestable.swift */; };
		F0B1D65525F7E61E00CBEFD7 /* CurrencyRepository.swift in Sources */ = {isa = PBXBuildFile; fileRef = F0B1D65425F7E61E00CBEFD7 /* CurrencyRepository.swift */; };
		F0E25BB925F87E0D00EA2707 /* GetCurrenciesUseCase.swift in Sources */ = {isa = PBXBuildFile; fileRef = F0E25BB825F87E0D00EA2707 /* GetCurrenciesUseCase.swift */; };
		F0E25BBE25F882A200EA2707 /* GetRatesUseCase.swift in Sources */ = {isa = PBXBuildFile; fileRef = F0E25BBD25F882A200EA2707 /* GetRatesUseCase.swift */; };
		F0E25BC325F8833500EA2707 /* GetConversionUseCase.swift in Sources */ = {isa = PBXBuildFile; fileRef = F0E25BC225F8833500EA2707 /* GetConversionUseCase.swift */; };
		F0E25BC825F8978A00EA2707 /* Moya+Extensions.swift in Sources */ = {isa = PBXBuildFile; fileRef = F0E25BC725F8978A00EA2707 /* Moya+Extensions.swift */; };
		F0E25BF525F8A95500EA2707 /* CurrencyRepositoryTests.swift in Sources */ = {isa = PBXBuildFile; fileRef = F0E25BF425F8A95500EA2707 /* CurrencyRepositoryTests.swift */; };
		F0E25BFC25F8AC0700EA2707 /* MockCurrencyRequestFactory.swift in Sources */ = {isa = PBXBuildFile; fileRef = F0E25BFB25F8AC0700EA2707 /* MockCurrencyRequestFactory.swift */; };
		F0E3527D25F862D700BBEAC5 /* Currency.swift in Sources */ = {isa = PBXBuildFile; fileRef = F0E3527C25F862D700BBEAC5 /* Currency.swift */; };
		F0E3528225F8630C00BBEAC5 /* Rate.swift in Sources */ = {isa = PBXBuildFile; fileRef = F0E3528125F8630C00BBEAC5 /* Rate.swift */; };
		F0E3528F25F8638F00BBEAC5 /* Conversion.swift in Sources */ = {isa = PBXBuildFile; fileRef = F0E3528E25F8638F00BBEAC5 /* Conversion.swift */; };
		F0E3529D25F86A1600BBEAC5 /* CurrencyAPI.swift in Sources */ = {isa = PBXBuildFile; fileRef = F0E3529C25F86A1600BBEAC5 /* CurrencyAPI.swift */; };
		F0E352B125F8737A00BBEAC5 /* CurrencyRemoteDataSource.swift in Sources */ = {isa = PBXBuildFile; fileRef = F0E352B025F8737A00BBEAC5 /* CurrencyRemoteDataSource.swift */; };
		F0E352BF25F8779800BBEAC5 /* CurrencyError.swift in Sources */ = {isa = PBXBuildFile; fileRef = F0E352BE25F8779800BBEAC5 /* CurrencyError.swift */; };
		F0E352C425F8781300BBEAC5 /* Data+Extensions.swift in Sources */ = {isa = PBXBuildFile; fileRef = F0E352C325F8781300BBEAC5 /* Data+Extensions.swift */; };
		F0E352C925F87A1400BBEAC5 /* CurrencyErrorResponse.swift in Sources */ = {isa = PBXBuildFile; fileRef = F0E352C825F87A1400BBEAC5 /* CurrencyErrorResponse.swift */; };
/* End PBXBuildFile section */

/* Begin PBXContainerItemProxy section */
		F0B1D56525F77DB000CBEFD7 /* PBXContainerItemProxy */ = {
			isa = PBXContainerItemProxy;
			containerPortal = F0B1D54625F77DAC00CBEFD7 /* Project object */;
			proxyType = 1;
			remoteGlobalIDString = F0B1D54D25F77DAD00CBEFD7;
			remoteInfo = CurrencyApp;
		};
		F0B1D57025F77DB000CBEFD7 /* PBXContainerItemProxy */ = {
			isa = PBXContainerItemProxy;
			containerPortal = F0B1D54625F77DAC00CBEFD7 /* Project object */;
			proxyType = 1;
			remoteGlobalIDString = F0B1D54D25F77DAD00CBEFD7;
			remoteInfo = CurrencyApp;
		};
/* End PBXContainerItemProxy section */

/* Begin PBXFileReference section */
		374E625E716EF1478FA1ED51 /* Pods_CurrencyApp_CurrencyAppUITests.framework */ = {isa = PBXFileReference; explicitFileType = wrapper.framework; includeInIndex = 0; path = Pods_CurrencyApp_CurrencyAppUITests.framework; sourceTree = BUILT_PRODUCTS_DIR; };
		464490AC9AF2BAFB8D2F787E /* Pods-CurrencyApp-CurrencyAppUITests.release.xcconfig */ = {isa = PBXFileReference; includeInIndex = 1; lastKnownFileType = text.xcconfig; name = "Pods-CurrencyApp-CurrencyAppUITests.release.xcconfig"; path = "Target Support Files/Pods-CurrencyApp-CurrencyAppUITests/Pods-CurrencyApp-CurrencyAppUITests.release.xcconfig"; sourceTree = "<group>"; };
		8A40AA227D762B2619626CDB /* Pods-CurrencyApp-CurrencyAppUITests.debug.xcconfig */ = {isa = PBXFileReference; includeInIndex = 1; lastKnownFileType = text.xcconfig; name = "Pods-CurrencyApp-CurrencyAppUITests.debug.xcconfig"; path = "Target Support Files/Pods-CurrencyApp-CurrencyAppUITests/Pods-CurrencyApp-CurrencyAppUITests.debug.xcconfig"; sourceTree = "<group>"; };
		98B9189DF4001F2193C69554 /* Pods-CurrencyAppTests.release.xcconfig */ = {isa = PBXFileReference; includeInIndex = 1; lastKnownFileType = text.xcconfig; name = "Pods-CurrencyAppTests.release.xcconfig"; path = "Target Support Files/Pods-CurrencyAppTests/Pods-CurrencyAppTests.release.xcconfig"; sourceTree = "<group>"; };
		9D085A5DDA891176A42E03CF /* Pods-CurrencyApp.debug.xcconfig */ = {isa = PBXFileReference; includeInIndex = 1; lastKnownFileType = text.xcconfig; name = "Pods-CurrencyApp.debug.xcconfig"; path = "Target Support Files/Pods-CurrencyApp/Pods-CurrencyApp.debug.xcconfig"; sourceTree = "<group>"; };
		A494C44BF9BC3DBE09110EDB /* Pods_CurrencyAppTests.framework */ = {isa = PBXFileReference; explicitFileType = wrapper.framework; includeInIndex = 0; path = Pods_CurrencyAppTests.framework; sourceTree = BUILT_PRODUCTS_DIR; };
		B9D824D871E8ADE45B6928F5 /* Pods-CurrencyApp.release.xcconfig */ = {isa = PBXFileReference; includeInIndex = 1; lastKnownFileType = text.xcconfig; name = "Pods-CurrencyApp.release.xcconfig"; path = "Target Support Files/Pods-CurrencyApp/Pods-CurrencyApp.release.xcconfig"; sourceTree = "<group>"; };
		E4FC8DDD73EDA49734745A23 /* Pods_CurrencyApp.framework */ = {isa = PBXFileReference; explicitFileType = wrapper.framework; includeInIndex = 0; path = Pods_CurrencyApp.framework; sourceTree = BUILT_PRODUCTS_DIR; };
		F031FDDC2600DBAC004F47D5 /* UIViewController+Extension.swift */ = {isa = PBXFileReference; lastKnownFileType = sourcecode.swift; path = "UIViewController+Extension.swift"; sourceTree = "<group>"; };
		F031FDEC2600E048004F47D5 /* MainPageInteractorTests.swift */ = {isa = PBXFileReference; lastKnownFileType = sourcecode.swift; path = MainPageInteractorTests.swift; sourceTree = "<group>"; };
		F031FDF42600E056004F47D5 /* MainPagePresenterTests.swift */ = {isa = PBXFileReference; lastKnownFileType = sourcecode.swift; path = MainPagePresenterTests.swift; sourceTree = "<group>"; };
		F031FE0126025BF7004F47D5 /* currencies.json */ = {isa = PBXFileReference; lastKnownFileType = text.json; path = currencies.json; sourceTree = "<group>"; };
		F0555B0B25F8B04E00F23EDD /* MockCurrencyResponseFactory.swift */ = {isa = PBXFileReference; lastKnownFileType = sourcecode.swift; path = MockCurrencyResponseFactory.swift; sourceTree = "<group>"; };
		F0555B1425F8B2A400F23EDD /* MockCurrencyErrorResponseFactory.swift */ = {isa = PBXFileReference; lastKnownFileType = sourcecode.swift; path = MockCurrencyErrorResponseFactory.swift; sourceTree = "<group>"; };
		F0555B2B25F8C8EC00F23EDD /* CurrencyRemoteDataSourceTests.swift */ = {isa = PBXFileReference; lastKnownFileType = sourcecode.swift; path = CurrencyRemoteDataSourceTests.swift; sourceTree = "<group>"; };
		F0555B3C25F8CABB00F23EDD /* get_currencies_success.json */ = {isa = PBXFileReference; lastKnownFileType = text.json; path = get_currencies_success.json; sourceTree = "<group>"; };
		F0555B4425F8CB2700F23EDD /* get_rates_success.json */ = {isa = PBXFileReference; lastKnownFileType = text.json; path = get_rates_success.json; sourceTree = "<group>"; };
		F0634EB625F8DC3400FE5224 /* get_conversion_success.json */ = {isa = PBXFileReference; fileEncoding = 4; lastKnownFileType = text.json; path = get_conversion_success.json; sourceTree = "<group>"; };
		F0634EBE25F91B8400FE5224 /* MockCurrencyRemoteDataSource.swift */ = {isa = PBXFileReference; lastKnownFileType = sourcecode.swift; path = MockCurrencyRemoteDataSource.swift; sourceTree = "<group>"; };
		F0634ECB25F91BF700FE5224 /* MockCurrencyRepository.swift */ = {isa = PBXFileReference; lastKnownFileType = sourcecode.swift; path = MockCurrencyRepository.swift; sourceTree = "<group>"; };
		F0634ED225F91DEC00FE5224 /* MockGetCurrenciesUseCase.swift */ = {isa = PBXFileReference; lastKnownFileType = sourcecode.swift; path = MockGetCurrenciesUseCase.swift; sourceTree = "<group>"; };
		F0634EE625F91F2B00FE5224 /* GetCurrenciesUseCaseTests.swift */ = {isa = PBXFileReference; lastKnownFileType = sourcecode.swift; path = GetCurrenciesUseCaseTests.swift; sourceTree = "<group>"; };
		F0634EEE25F9211F00FE5224 /* MockGetRatesUseCase.swift */ = {isa = PBXFileReference; lastKnownFileType = sourcecode.swift; path = MockGetRatesUseCase.swift; sourceTree = "<group>"; };
		F0634EF325F9218600FE5224 /* GetRatesUseCaseTests.swift */ = {isa = PBXFileReference; lastKnownFileType = sourcecode.swift; path = GetRatesUseCaseTests.swift; sourceTree = "<group>"; };
		F0634EF825F9220800FE5224 /* MockGetConversionUseCase.swift */ = {isa = PBXFileReference; lastKnownFileType = sourcecode.swift; path = MockGetConversionUseCase.swift; sourceTree = "<group>"; };
		F0634F0025F922E200FE5224 /* GetConversionUseCaseTests.swift */ = {isa = PBXFileReference; lastKnownFileType = sourcecode.swift; path = GetConversionUseCaseTests.swift; sourceTree = "<group>"; };
		F06D27E525F9251400E7BA88 /* CurrencyAPITests.swift */ = {isa = PBXFileReference; lastKnownFileType = sourcecode.swift; path = CurrencyAPITests.swift; sourceTree = "<group>"; };
		F06D282325F9B7AA00E7BA88 /* MainPagePresenter.swift */ = {isa = PBXFileReference; lastKnownFileType = sourcecode.swift; path = MainPagePresenter.swift; sourceTree = "<group>"; };
		F06D282525F9B7AA00E7BA88 /* MainPageRouter.swift */ = {isa = PBXFileReference; lastKnownFileType = sourcecode.swift; path = MainPageRouter.swift; sourceTree = "<group>"; };
		F06D282625F9B7AA00E7BA88 /* MainPageViewController.swift */ = {isa = PBXFileReference; lastKnownFileType = sourcecode.swift; path = MainPageViewController.swift; sourceTree = "<group>"; };
		F06D282725F9B7AA00E7BA88 /* MainPageProtocols.swift */ = {isa = PBXFileReference; lastKnownFileType = sourcecode.swift; path = MainPageProtocols.swift; sourceTree = "<group>"; };
		F06D282825F9B7AA00E7BA88 /* MainPageInteractor.swift */ = {isa = PBXFileReference; lastKnownFileType = sourcecode.swift; path = MainPageInteractor.swift; sourceTree = "<group>"; };
		F06D282925F9B7AA00E7BA88 /* MainPage.swift */ = {isa = PBXFileReference; lastKnownFileType = sourcecode.swift; path = MainPage.swift; sourceTree = "<group>"; };
		F06D283D25F9B86600E7BA88 /* MainPage.storyboard */ = {isa = PBXFileReference; lastKnownFileType = file.storyboard; path = MainPage.storyboard; sourceTree = "<group>"; };
		F06D284F25FA2A2000E7BA88 /* Double+Extensions.swift */ = {isa = PBXFileReference; lastKnownFileType = sourcecode.swift; path = "Double+Extensions.swift"; sourceTree = "<group>"; };
		F06D28FF25FB6CA500E7BA88 /* CALayer+Extensions.swift */ = {isa = PBXFileReference; lastKnownFileType = sourcecode.swift; path = "CALayer+Extensions.swift"; sourceTree = "<group>"; };
		F076F80026051DC50083AD3A /* JSONUtils.swift */ = {isa = PBXFileReference; lastKnownFileType = sourcecode.swift; path = JSONUtils.swift; sourceTree = "<group>"; };
		F076F81B2606463E0083AD3A /* SelectCurrencyPresenter.swift */ = {isa = PBXFileReference; lastKnownFileType = sourcecode.swift; path = SelectCurrencyPresenter.swift; sourceTree = "<group>"; };
		F076F81D2606463E0083AD3A /* SelectCurrencyRouter.swift */ = {isa = PBXFileReference; lastKnownFileType = sourcecode.swift; path = SelectCurrencyRouter.swift; sourceTree = "<group>"; };
		F076F81E2606463E0083AD3A /* SelectCurrencyViewController.swift */ = {isa = PBXFileReference; lastKnownFileType = sourcecode.swift; path = SelectCurrencyViewController.swift; sourceTree = "<group>"; };
		F076F81F2606463E0083AD3A /* SelectCurrencyProtocols.swift */ = {isa = PBXFileReference; lastKnownFileType = sourcecode.swift; path = SelectCurrencyProtocols.swift; sourceTree = "<group>"; };
		F076F8202606463E0083AD3A /* SelectCurrencyInteractor.swift */ = {isa = PBXFileReference; lastKnownFileType = sourcecode.swift; path = SelectCurrencyInteractor.swift; sourceTree = "<group>"; };
		F076F8212606463E0083AD3A /* SelectCurrency.swift */ = {isa = PBXFileReference; lastKnownFileType = sourcecode.swift; path = SelectCurrency.swift; sourceTree = "<group>"; };
		F076F838260646D90083AD3A /* SelectCurrencyButton.swift */ = {isa = PBXFileReference; lastKnownFileType = sourcecode.swift; path = SelectCurrencyButton.swift; sourceTree = "<group>"; };
		F076F83F2606473E0083AD3A /* Delegate.swift */ = {isa = PBXFileReference; lastKnownFileType = sourcecode.swift; path = Delegate.swift; sourceTree = "<group>"; };
		F076F84C260649E30083AD3A /* SelectCurrency.storyboard */ = {isa = PBXFileReference; lastKnownFileType = file.storyboard; path = SelectCurrency.storyboard; sourceTree = "<group>"; };
		F076F85226064B0B0083AD3A /* SelectCurrencyTableViewCell.swift */ = {isa = PBXFileReference; lastKnownFileType = sourcecode.swift; path = SelectCurrencyTableViewCell.swift; sourceTree = "<group>"; };
		F076F85326064B0B0083AD3A /* SelectCurrencyTableViewCell.xib */ = {isa = PBXFileReference; lastKnownFileType = file.xib; path = SelectCurrencyTableViewCell.xib; sourceTree = "<group>"; };
		F0B1D54E25F77DAD00CBEFD7 /* CurrencyApp.app */ = {isa = PBXFileReference; explicitFileType = wrapper.application; includeInIndex = 0; path = CurrencyApp.app; sourceTree = BUILT_PRODUCTS_DIR; };
		F0B1D55125F77DAD00CBEFD7 /* AppDelegate.swift */ = {isa = PBXFileReference; lastKnownFileType = sourcecode.swift; path = AppDelegate.swift; sourceTree = "<group>"; };
		F0B1D55825F77DAD00CBEFD7 /* Base */ = {isa = PBXFileReference; lastKnownFileType = file.storyboard; name = Base; path = Base.lproj/Main.storyboard; sourceTree = "<group>"; };
		F0B1D55A25F77DAF00CBEFD7 /* Assets.xcassets */ = {isa = PBXFileReference; lastKnownFileType = folder.assetcatalog; path = Assets.xcassets; sourceTree = "<group>"; };
		F0B1D55D25F77DAF00CBEFD7 /* Base */ = {isa = PBXFileReference; lastKnownFileType = file.storyboard; name = Base; path = Base.lproj/LaunchScreen.storyboard; sourceTree = "<group>"; };
		F0B1D55F25F77DAF00CBEFD7 /* Info.plist */ = {isa = PBXFileReference; lastKnownFileType = text.plist.xml; path = Info.plist; sourceTree = "<group>"; };
		F0B1D56425F77DB000CBEFD7 /* CurrencyAppTests.xctest */ = {isa = PBXFileReference; explicitFileType = wrapper.cfbundle; includeInIndex = 0; path = CurrencyAppTests.xctest; sourceTree = BUILT_PRODUCTS_DIR; };
		F0B1D56A25F77DB000CBEFD7 /* Info.plist */ = {isa = PBXFileReference; lastKnownFileType = text.plist.xml; path = Info.plist; sourceTree = "<group>"; };
		F0B1D56F25F77DB000CBEFD7 /* CurrencyAppUITests.xctest */ = {isa = PBXFileReference; explicitFileType = wrapper.cfbundle; includeInIndex = 0; path = CurrencyAppUITests.xctest; sourceTree = BUILT_PRODUCTS_DIR; };
		F0B1D57325F77DB000CBEFD7 /* CurrencyAppUITests.swift */ = {isa = PBXFileReference; lastKnownFileType = sourcecode.swift; path = CurrencyAppUITests.swift; sourceTree = "<group>"; };
		F0B1D57525F77DB000CBEFD7 /* Info.plist */ = {isa = PBXFileReference; lastKnownFileType = text.plist.xml; path = Info.plist; sourceTree = "<group>"; };
		F0B1D5B425F7833300CBEFD7 /* Config.swift */ = {isa = PBXFileReference; lastKnownFileType = sourcecode.swift; path = Config.swift; sourceTree = "<group>"; };
		F0B1D5BC25F7838E00CBEFD7 /* Config.plist */ = {isa = PBXFileReference; lastKnownFileType = text.plist.xml; path = Config.plist; sourceTree = "<group>"; };
		F0B1D5C425F786FA00CBEFD7 /* Bundle+Extensions.swift */ = {isa = PBXFileReference; lastKnownFileType = sourcecode.swift; path = "Bundle+Extensions.swift"; sourceTree = "<group>"; };
		F0B1D5C925F7CB8400CBEFD7 /* GetCurrenciesResponse.swift */ = {isa = PBXFileReference; lastKnownFileType = sourcecode.swift; path = GetCurrenciesResponse.swift; sourceTree = "<group>"; };
		F0B1D5CE25F7CBCF00CBEFD7 /* BaseResponse.swift */ = {isa = PBXFileReference; lastKnownFileType = sourcecode.swift; path = BaseResponse.swift; sourceTree = "<group>"; };
		F0B1D5D625F7CD9200CBEFD7 /* GetRatesResponse.swift */ = {isa = PBXFileReference; lastKnownFileType = sourcecode.swift; path = GetRatesResponse.swift; sourceTree = "<group>"; };
		F0B1D5DB25F7CE0A00CBEFD7 /* GetConversionResponse.swift */ = {isa = PBXFileReference; lastKnownFileType = sourcecode.swift; path = GetConversionResponse.swift; sourceTree = "<group>"; };
		F0B1D5E825F7D6AA00CBEFD7 /* GetCurrenciesRequest.swift */ = {isa = PBXFileReference; lastKnownFileType = sourcecode.swift; path = GetCurrenciesRequest.swift; sourceTree = "<group>"; };
		F0B1D5EE25F7D6FD00CBEFD7 /* Constants.swift */ = {isa = PBXFileReference; lastKnownFileType = sourcecode.swift; path = Constants.swift; sourceTree = "<group>"; };
		F0B1D5FB25F7D7F800CBEFD7 /* GetRatesRequest.swift */ = {isa = PBXFileReference; lastKnownFileType = sourcecode.swift; path = GetRatesRequest.swift; sourceTree = "<group>"; };
		F0B1D60025F7D82300CBEFD7 /* GetConversionRequest.swift */ = {isa = PBXFileReference; lastKnownFileType = sourcecode.swift; path = GetConversionRequest.swift; sourceTree = "<group>"; };
		F0B1D60825F7DE1500CBEFD7 /* RequestConfigable.swift */ = {isa = PBXFileReference; lastKnownFileType = sourcecode.swift; path = RequestConfigable.swift; sourceTree = "<group>"; };
		F0B1D61725F7E04400CBEFD7 /* BaseRequest.swift */ = {isa = PBXFileReference; lastKnownFileType = sourcecode.swift; path = BaseRequest.swift; sourceTree = "<group>"; };
		F0B1D61C25F7E0F600CBEFD7 /* Requestable.swift */ = {isa = PBXFileReference; lastKnownFileType = sourcecode.swift; path = Requestable.swift; sourceTree = "<group>"; };
		F0B1D65425F7E61E00CBEFD7 /* CurrencyRepository.swift */ = {isa = PBXFileReference; lastKnownFileType = sourcecode.swift; path = CurrencyRepository.swift; sourceTree = "<group>"; };
		F0E25BB825F87E0D00EA2707 /* GetCurrenciesUseCase.swift */ = {isa = PBXFileReference; lastKnownFileType = sourcecode.swift; path = GetCurrenciesUseCase.swift; sourceTree = "<group>"; };
		F0E25BBD25F882A200EA2707 /* GetRatesUseCase.swift */ = {isa = PBXFileReference; lastKnownFileType = sourcecode.swift; path = GetRatesUseCase.swift; sourceTree = "<group>"; };
		F0E25BC225F8833500EA2707 /* GetConversionUseCase.swift */ = {isa = PBXFileReference; lastKnownFileType = sourcecode.swift; path = GetConversionUseCase.swift; sourceTree = "<group>"; };
		F0E25BC725F8978A00EA2707 /* Moya+Extensions.swift */ = {isa = PBXFileReference; lastKnownFileType = sourcecode.swift; path = "Moya+Extensions.swift"; sourceTree = "<group>"; };
		F0E25BF425F8A95500EA2707 /* CurrencyRepositoryTests.swift */ = {isa = PBXFileReference; lastKnownFileType = sourcecode.swift; path = CurrencyRepositoryTests.swift; sourceTree = "<group>"; };
		F0E25BFB25F8AC0700EA2707 /* MockCurrencyRequestFactory.swift */ = {isa = PBXFileReference; lastKnownFileType = sourcecode.swift; path = MockCurrencyRequestFactory.swift; sourceTree = "<group>"; };
		F0E3527C25F862D700BBEAC5 /* Currency.swift */ = {isa = PBXFileReference; lastKnownFileType = sourcecode.swift; path = Currency.swift; sourceTree = "<group>"; };
		F0E3528125F8630C00BBEAC5 /* Rate.swift */ = {isa = PBXFileReference; lastKnownFileType = sourcecode.swift; path = Rate.swift; sourceTree = "<group>"; };
		F0E3528E25F8638F00BBEAC5 /* Conversion.swift */ = {isa = PBXFileReference; lastKnownFileType = sourcecode.swift; path = Conversion.swift; sourceTree = "<group>"; };
		F0E3529C25F86A1600BBEAC5 /* CurrencyAPI.swift */ = {isa = PBXFileReference; lastKnownFileType = sourcecode.swift; path = CurrencyAPI.swift; sourceTree = "<group>"; };
		F0E352B025F8737A00BBEAC5 /* CurrencyRemoteDataSource.swift */ = {isa = PBXFileReference; lastKnownFileType = sourcecode.swift; path = CurrencyRemoteDataSource.swift; sourceTree = "<group>"; };
		F0E352BE25F8779800BBEAC5 /* CurrencyError.swift */ = {isa = PBXFileReference; lastKnownFileType = sourcecode.swift; path = CurrencyError.swift; sourceTree = "<group>"; };
		F0E352C325F8781300BBEAC5 /* Data+Extensions.swift */ = {isa = PBXFileReference; lastKnownFileType = sourcecode.swift; path = "Data+Extensions.swift"; sourceTree = "<group>"; };
		F0E352C825F87A1400BBEAC5 /* CurrencyErrorResponse.swift */ = {isa = PBXFileReference; lastKnownFileType = sourcecode.swift; path = CurrencyErrorResponse.swift; sourceTree = "<group>"; };
		F5A0763E6D8C2742D44B4213 /* Pods-CurrencyAppTests.debug.xcconfig */ = {isa = PBXFileReference; includeInIndex = 1; lastKnownFileType = text.xcconfig; name = "Pods-CurrencyAppTests.debug.xcconfig"; path = "Target Support Files/Pods-CurrencyAppTests/Pods-CurrencyAppTests.debug.xcconfig"; sourceTree = "<group>"; };
/* End PBXFileReference section */

/* Begin PBXFrameworksBuildPhase section */
		F0B1D54B25F77DAD00CBEFD7 /* Frameworks */ = {
			isa = PBXFrameworksBuildPhase;
			buildActionMask = 2147483647;
			files = (
				B50189C9041D5FB75C8C5DAF /* Pods_CurrencyApp.framework in Frameworks */,
			);
			runOnlyForDeploymentPostprocessing = 0;
		};
		F0B1D56125F77DB000CBEFD7 /* Frameworks */ = {
			isa = PBXFrameworksBuildPhase;
			buildActionMask = 2147483647;
			files = (
				676971A478D9EF41E3752131 /* Pods_CurrencyAppTests.framework in Frameworks */,
			);
			runOnlyForDeploymentPostprocessing = 0;
		};
		F0B1D56C25F77DB000CBEFD7 /* Frameworks */ = {
			isa = PBXFrameworksBuildPhase;
			buildActionMask = 2147483647;
			files = (
				5957BCB8A841FA6DF4652922 /* Pods_CurrencyApp_CurrencyAppUITests.framework in Frameworks */,
			);
			runOnlyForDeploymentPostprocessing = 0;
		};
/* End PBXFrameworksBuildPhase section */

/* Begin PBXGroup section */
		17400D17D2D296ACDB817452 /* Pods */ = {
			isa = PBXGroup;
			children = (
				9D085A5DDA891176A42E03CF /* Pods-CurrencyApp.debug.xcconfig */,
				B9D824D871E8ADE45B6928F5 /* Pods-CurrencyApp.release.xcconfig */,
				8A40AA227D762B2619626CDB /* Pods-CurrencyApp-CurrencyAppUITests.debug.xcconfig */,
				464490AC9AF2BAFB8D2F787E /* Pods-CurrencyApp-CurrencyAppUITests.release.xcconfig */,
				F5A0763E6D8C2742D44B4213 /* Pods-CurrencyAppTests.debug.xcconfig */,
				98B9189DF4001F2193C69554 /* Pods-CurrencyAppTests.release.xcconfig */,
			);
			path = Pods;
			sourceTree = "<group>";
		};
		9BE322CF960A7455F2FFA63A /* Frameworks */ = {
			isa = PBXGroup;
			children = (
				E4FC8DDD73EDA49734745A23 /* Pods_CurrencyApp.framework */,
				374E625E716EF1478FA1ED51 /* Pods_CurrencyApp_CurrencyAppUITests.framework */,
				A494C44BF9BC3DBE09110EDB /* Pods_CurrencyAppTests.framework */,
			);
			name = Frameworks;
			sourceTree = "<group>";
		};
		F031FDE42600E01B004F47D5 /* Modules */ = {
			isa = PBXGroup;
			children = (
				F031FDE52600E025004F47D5 /* MainPage */,
			);
			path = Modules;
			sourceTree = "<group>";
		};
		F031FDE52600E025004F47D5 /* MainPage */ = {
			isa = PBXGroup;
			children = (
				F031FDEC2600E048004F47D5 /* MainPageInteractorTests.swift */,
				F031FDF42600E056004F47D5 /* MainPagePresenterTests.swift */,
			);
			path = MainPage;
			sourceTree = "<group>";
		};
		F031FDFF26025BCF004F47D5 /* JSONs */ = {
			isa = PBXGroup;
			children = (
				F031FE0126025BF7004F47D5 /* currencies.json */,
			);
			path = JSONs;
			sourceTree = "<group>";
		};
		F031FE0026025BDB004F47D5 /* Interfaces */ = {
			isa = PBXGroup;
			children = (
				F0B1D55725F77DAD00CBEFD7 /* Main.storyboard */,
				F0B1D55C25F77DAF00CBEFD7 /* LaunchScreen.storyboard */,
				F0B1D55A25F77DAF00CBEFD7 /* Assets.xcassets */,
			);
			path = Interfaces;
			sourceTree = "<group>";
		};
		F0555B0925F8B02F00F23EDD /* Responses */ = {
			isa = PBXGroup;
			children = (
				F0555B1325F8B29100F23EDD /* Common */,
				F0555B0A25F8B03500F23EDD /* Currency */,
			);
			path = Responses;
			sourceTree = "<group>";
		};
		F0555B0A25F8B03500F23EDD /* Currency */ = {
			isa = PBXGroup;
			children = (
				F0555B0B25F8B04E00F23EDD /* MockCurrencyResponseFactory.swift */,
			);
			path = Currency;
			sourceTree = "<group>";
		};
		F0555B1325F8B29100F23EDD /* Common */ = {
			isa = PBXGroup;
			children = (
				F0555B1425F8B2A400F23EDD /* MockCurrencyErrorResponseFactory.swift */,
			);
			path = Common;
			sourceTree = "<group>";
		};
		F0555B2825F8C8BC00F23EDD /* Currency */ = {
			isa = PBXGroup;
			children = (
				F0555B3B25F8CA9B00F23EDD /* JSONs */,
				F0555B2A25F8C8CC00F23EDD /* DataSources */,
				F0555B2925F8C8C600F23EDD /* Repository */,
			);
			path = Currency;
			sourceTree = "<group>";
		};
		F0555B2925F8C8C600F23EDD /* Repository */ = {
			isa = PBXGroup;
			children = (
				F0634EE025F91EBD00FE5224 /* Tests */,
				F0634EDF25F91EB400FE5224 /* Mocks */,
			);
			path = Repository;
			sourceTree = "<group>";
		};
		F0555B2A25F8C8CC00F23EDD /* DataSources */ = {
			isa = PBXGroup;
			children = (
				F0634EDE25F91EAD00FE5224 /* Tests */,
				F0634EDD25F91EA200FE5224 /* Mocks */,
			);
			path = DataSources;
			sourceTree = "<group>";
		};
		F0555B3B25F8CA9B00F23EDD /* JSONs */ = {
			isa = PBXGroup;
			children = (
				F0555B3C25F8CABB00F23EDD /* get_currencies_success.json */,
				F0555B4425F8CB2700F23EDD /* get_rates_success.json */,
				F0634EB625F8DC3400FE5224 /* get_conversion_success.json */,
			);
			path = JSONs;
			sourceTree = "<group>";
		};
		F0634ED025F91DC700FE5224 /* UseCases */ = {
			isa = PBXGroup;
			children = (
				F0634ED125F91DCD00FE5224 /* Currency */,
			);
			path = UseCases;
			sourceTree = "<group>";
		};
		F0634ED125F91DCD00FE5224 /* Currency */ = {
			isa = PBXGroup;
			children = (
				F0634EE525F91F1500FE5224 /* Tests */,
				F0634EE125F91EE000FE5224 /* Mocks */,
			);
			path = Currency;
			sourceTree = "<group>";
		};
		F0634EDD25F91EA200FE5224 /* Mocks */ = {
			isa = PBXGroup;
			children = (
				F0634EBE25F91B8400FE5224 /* MockCurrencyRemoteDataSource.swift */,
			);
			path = Mocks;
			sourceTree = "<group>";
		};
		F0634EDE25F91EAD00FE5224 /* Tests */ = {
			isa = PBXGroup;
			children = (
				F0555B2B25F8C8EC00F23EDD /* CurrencyRemoteDataSourceTests.swift */,
			);
			path = Tests;
			sourceTree = "<group>";
		};
		F0634EDF25F91EB400FE5224 /* Mocks */ = {
			isa = PBXGroup;
			children = (
				F0634ECB25F91BF700FE5224 /* MockCurrencyRepository.swift */,
			);
			path = Mocks;
			sourceTree = "<group>";
		};
		F0634EE025F91EBD00FE5224 /* Tests */ = {
			isa = PBXGroup;
			children = (
				F0E25BF425F8A95500EA2707 /* CurrencyRepositoryTests.swift */,
			);
			path = Tests;
			sourceTree = "<group>";
		};
		F0634EE125F91EE000FE5224 /* Mocks */ = {
			isa = PBXGroup;
			children = (
				F0634ED225F91DEC00FE5224 /* MockGetCurrenciesUseCase.swift */,
				F0634EEE25F9211F00FE5224 /* MockGetRatesUseCase.swift */,
				F0634EF825F9220800FE5224 /* MockGetConversionUseCase.swift */,
			);
			path = Mocks;
			sourceTree = "<group>";
		};
		F0634EE525F91F1500FE5224 /* Tests */ = {
			isa = PBXGroup;
			children = (
				F0634EE625F91F2B00FE5224 /* GetCurrenciesUseCaseTests.swift */,
				F0634EF325F9218600FE5224 /* GetRatesUseCaseTests.swift */,
				F0634F0025F922E200FE5224 /* GetConversionUseCaseTests.swift */,
			);
			path = Tests;
			sourceTree = "<group>";
		};
		F06D27E325F924FA00E7BA88 /* APIs */ = {
			isa = PBXGroup;
			children = (
				F06D27E425F9250100E7BA88 /* Currency */,
			);
			path = APIs;
			sourceTree = "<group>";
		};
		F06D27E425F9250100E7BA88 /* Currency */ = {
			isa = PBXGroup;
			children = (
				F06D27E525F9251400E7BA88 /* CurrencyAPITests.swift */,
			);
			path = Currency;
			sourceTree = "<group>";
		};
		F06D282125F9B78300E7BA88 /* MainPage */ = {
			isa = PBXGroup;
			children = (
				F06D283C25F9B83400E7BA88 /* Workspace */,
				F06D283B25F9B82900E7BA88 /* Storyboard */,
			);
			path = MainPage;
			sourceTree = "<group>";
		};
		F06D283B25F9B82900E7BA88 /* Storyboard */ = {
			isa = PBXGroup;
			children = (
				F06D283D25F9B86600E7BA88 /* MainPage.storyboard */,
			);
			path = Storyboard;
			sourceTree = "<group>";
		};
		F06D283C25F9B83400E7BA88 /* Workspace */ = {
			isa = PBXGroup;
			children = (
				F06D282325F9B7AA00E7BA88 /* MainPagePresenter.swift */,
				F06D282525F9B7AA00E7BA88 /* MainPageRouter.swift */,
				F06D282625F9B7AA00E7BA88 /* MainPageViewController.swift */,
				F06D282725F9B7AA00E7BA88 /* MainPageProtocols.swift */,
				F06D282825F9B7AA00E7BA88 /* MainPageInteractor.swift */,
				F06D282925F9B7AA00E7BA88 /* MainPage.swift */,
			);
			path = Workspace;
			sourceTree = "<group>";
		};
		F076F7FF26051DB80083AD3A /* Utils */ = {
			isa = PBXGroup;
			children = (
				F076F80026051DC50083AD3A /* JSONUtils.swift */,
			);
			path = Utils;
			sourceTree = "<group>";
		};
		F076F8172606460F0083AD3A /* SelectCurrency */ = {
			isa = PBXGroup;
			children = (
				F076F85126064AEF0083AD3A /* Views */,
				F076F819260646250083AD3A /* Storyboard */,
				F076F8182606461F0083AD3A /* Workspace */,
			);
			path = SelectCurrency;
			sourceTree = "<group>";
		};
		F076F8182606461F0083AD3A /* Workspace */ = {
			isa = PBXGroup;
			children = (
				F076F81B2606463E0083AD3A /* SelectCurrencyPresenter.swift */,
				F076F81D2606463E0083AD3A /* SelectCurrencyRouter.swift */,
				F076F81E2606463E0083AD3A /* SelectCurrencyViewController.swift */,
				F076F81F2606463E0083AD3A /* SelectCurrencyProtocols.swift */,
				F076F8202606463E0083AD3A /* SelectCurrencyInteractor.swift */,
				F076F8212606463E0083AD3A /* SelectCurrency.swift */,
			);
			path = Workspace;
			sourceTree = "<group>";
		};
		F076F819260646250083AD3A /* Storyboard */ = {
			isa = PBXGroup;
			children = (
				F076F84C260649E30083AD3A /* SelectCurrency.storyboard */,
			);
			path = Storyboard;
			sourceTree = "<group>";
		};
		F076F83D260647200083AD3A /* App */ = {
			isa = PBXGroup;
			children = (
				F0B1D55125F77DAD00CBEFD7 /* AppDelegate.swift */,
				F0B1D5B425F7833300CBEFD7 /* Config.swift */,
			);
			path = App;
			sourceTree = "<group>";
		};
		F076F83E260647280083AD3A /* Abilities */ = {
			isa = PBXGroup;
			children = (
				F076F83F2606473E0083AD3A /* Delegate.swift */,
			);
			path = Abilities;
			sourceTree = "<group>";
		};
		F076F847260647E00083AD3A /* Data */ = {
			isa = PBXGroup;
			children = (
				F0B1D5EE25F7D6FD00CBEFD7 /* Constants.swift */,
			);
			path = Data;
			sourceTree = "<group>";
		};
		F076F848260647E60083AD3A /* Views */ = {
			isa = PBXGroup;
			children = (
				F076F838260646D90083AD3A /* SelectCurrencyButton.swift */,
			);
			path = Views;
			sourceTree = "<group>";
		};
		F076F85126064AEF0083AD3A /* Views */ = {
			isa = PBXGroup;
			children = (
				F076F85226064B0B0083AD3A /* SelectCurrencyTableViewCell.swift */,
				F076F85326064B0B0083AD3A /* SelectCurrencyTableViewCell.xib */,
			);
			path = Views;
			sourceTree = "<group>";
		};
		F077955C25F8AF0100368DA3 /* Currency */ = {
			isa = PBXGroup;
			children = (
				F0E25BFB25F8AC0700EA2707 /* MockCurrencyRequestFactory.swift */,
			);
			path = Currency;
			sourceTree = "<group>";
		};
		F0B1D54525F77DAC00CBEFD7 = {
			isa = PBXGroup;
			children = (
				F0B1D55025F77DAD00CBEFD7 /* CurrencyApp */,
				F0B1D56725F77DB000CBEFD7 /* CurrencyAppTests */,
				F0B1D57225F77DB000CBEFD7 /* CurrencyAppUITests */,
				F0B1D54F25F77DAD00CBEFD7 /* Products */,
				17400D17D2D296ACDB817452 /* Pods */,
				9BE322CF960A7455F2FFA63A /* Frameworks */,
			);
			sourceTree = "<group>";
		};
		F0B1D54F25F77DAD00CBEFD7 /* Products */ = {
			isa = PBXGroup;
			children = (
				F0B1D54E25F77DAD00CBEFD7 /* CurrencyApp.app */,
				F0B1D56425F77DB000CBEFD7 /* CurrencyAppTests.xctest */,
				F0B1D56F25F77DB000CBEFD7 /* CurrencyAppUITests.xctest */,
			);
			name = Products;
			sourceTree = "<group>";
		};
		F0B1D55025F77DAD00CBEFD7 /* CurrencyApp */ = {
			isa = PBXGroup;
			children = (
				F076F7FF26051DB80083AD3A /* Utils */,
				F0E25BD525F89DDC00EA2707 /* Resources */,
				F0E25BD425F89DC700EA2707 /* Core */,
				F0B1D5ED25F7D6F100CBEFD7 /* Commons */,
				F0B1D5B325F7832100CBEFD7 /* Support Files */,
				F0B1D5A325F7817E00CBEFD7 /* FlowControls */,
				F0B1D5A225F7816A00CBEFD7 /* Extensions */,
				F0B1D5A125F7815D00CBEFD7 /* Entities */,
				F0B1D59E25F7814100CBEFD7 /* Requests & Responses */,
				F0B1D59D25F7812E00CBEFD7 /* Usecases */,
				F0B1D59925F7812400CBEFD7 /* Repositories */,
				F0B1D59525F7811E00CBEFD7 /* APIs */,
			);
			path = CurrencyApp;
			sourceTree = "<group>";
		};
		F0B1D56725F77DB000CBEFD7 /* CurrencyAppTests */ = {
			isa = PBXGroup;
			children = (
				F031FDE42600E01B004F47D5 /* Modules */,
				F06D27E325F924FA00E7BA88 /* APIs */,
				F0634ED025F91DC700FE5224 /* UseCases */,
				F0E25BF925F8ABD600EA2707 /* Requests & Responses */,
				F0E25BE825F8A92600EA2707 /* Repositories */,
				F0B1D56A25F77DB000CBEFD7 /* Info.plist */,
			);
			path = CurrencyAppTests;
			sourceTree = "<group>";
		};
		F0B1D57225F77DB000CBEFD7 /* CurrencyAppUITests */ = {
			isa = PBXGroup;
			children = (
				F0B1D57325F77DB000CBEFD7 /* CurrencyAppUITests.swift */,
				F0B1D57525F77DB000CBEFD7 /* Info.plist */,
			);
			path = CurrencyAppUITests;
			sourceTree = "<group>";
		};
		F0B1D59525F7811E00CBEFD7 /* APIs */ = {
			isa = PBXGroup;
			children = (
				F0E3529C25F86A1600BBEAC5 /* CurrencyAPI.swift */,
			);
			path = APIs;
			sourceTree = "<group>";
		};
		F0B1D59925F7812400CBEFD7 /* Repositories */ = {
			isa = PBXGroup;
			children = (
				F0E352AC25F8731C00BBEAC5 /* Currency */,
			);
			path = Repositories;
			sourceTree = "<group>";
		};
		F0B1D59D25F7812E00CBEFD7 /* Usecases */ = {
			isa = PBXGroup;
			children = (
				F0E25BB825F87E0D00EA2707 /* GetCurrenciesUseCase.swift */,
				F0E25BBD25F882A200EA2707 /* GetRatesUseCase.swift */,
				F0E25BC225F8833500EA2707 /* GetConversionUseCase.swift */,
			);
			path = Usecases;
			sourceTree = "<group>";
		};
		F0B1D59E25F7814100CBEFD7 /* Requests & Responses */ = {
			isa = PBXGroup;
			children = (
				F0B1D61025F7DE6400CBEFD7 /* Protocols */,
				F0B1D5A025F7815300CBEFD7 /* Responses */,
				F0B1D59F25F7814D00CBEFD7 /* Requests */,
			);
			path = "Requests & Responses";
			sourceTree = "<group>";
		};
		F0B1D59F25F7814D00CBEFD7 /* Requests */ = {
			isa = PBXGroup;
			children = (
				F0B1D5E825F7D6AA00CBEFD7 /* GetCurrenciesRequest.swift */,
				F0B1D5FB25F7D7F800CBEFD7 /* GetRatesRequest.swift */,
				F0B1D60025F7D82300CBEFD7 /* GetConversionRequest.swift */,
				F0B1D61725F7E04400CBEFD7 /* BaseRequest.swift */,
			);
			path = Requests;
			sourceTree = "<group>";
		};
		F0B1D5A025F7815300CBEFD7 /* Responses */ = {
			isa = PBXGroup;
			children = (
				F0B1D5C925F7CB8400CBEFD7 /* GetCurrenciesResponse.swift */,
				F0B1D5CE25F7CBCF00CBEFD7 /* BaseResponse.swift */,
				F0B1D5D625F7CD9200CBEFD7 /* GetRatesResponse.swift */,
				F0B1D5DB25F7CE0A00CBEFD7 /* GetConversionResponse.swift */,
				F0E352C825F87A1400BBEAC5 /* CurrencyErrorResponse.swift */,
			);
			path = Responses;
			sourceTree = "<group>";
		};
		F0B1D5A125F7815D00CBEFD7 /* Entities */ = {
			isa = PBXGroup;
			children = (
				F0E3527C25F862D700BBEAC5 /* Currency.swift */,
				F0E3528125F8630C00BBEAC5 /* Rate.swift */,
				F0E3528E25F8638F00BBEAC5 /* Conversion.swift */,
				F0E352BE25F8779800BBEAC5 /* CurrencyError.swift */,
			);
			path = Entities;
			sourceTree = "<group>";
		};
		F0B1D5A225F7816A00CBEFD7 /* Extensions */ = {
			isa = PBXGroup;
			children = (
				F0B1D5C425F786FA00CBEFD7 /* Bundle+Extensions.swift */,
				F0E352C325F8781300BBEAC5 /* Data+Extensions.swift */,
				F0E25BC725F8978A00EA2707 /* Moya+Extensions.swift */,
				F06D284F25FA2A2000E7BA88 /* Double+Extensions.swift */,
				F06D28FF25FB6CA500E7BA88 /* CALayer+Extensions.swift */,
				F031FDDC2600DBAC004F47D5 /* UIViewController+Extension.swift */,
			);
			path = Extensions;
			sourceTree = "<group>";
		};
		F0B1D5A325F7817E00CBEFD7 /* FlowControls */ = {
			isa = PBXGroup;
			children = (
				F076F8172606460F0083AD3A /* SelectCurrency */,
				F06D282125F9B78300E7BA88 /* MainPage */,
			);
			path = FlowControls;
			sourceTree = "<group>";
		};
		F0B1D5B325F7832100CBEFD7 /* Support Files */ = {
			isa = PBXGroup;
			children = (
				F0B1D55F25F77DAF00CBEFD7 /* Info.plist */,
				F0B1D5BC25F7838E00CBEFD7 /* Config.plist */,
			);
			path = "Support Files";
			sourceTree = "<group>";
		};
		F0B1D5ED25F7D6F100CBEFD7 /* Commons */ = {
			isa = PBXGroup;
			children = (
				F076F848260647E60083AD3A /* Views */,
				F076F847260647E00083AD3A /* Data */,
			);
			path = Commons;
			sourceTree = "<group>";
		};
		F0B1D61025F7DE6400CBEFD7 /* Protocols */ = {
			isa = PBXGroup;
			children = (
				F0B1D60825F7DE1500CBEFD7 /* RequestConfigable.swift */,
				F0B1D61C25F7E0F600CBEFD7 /* Requestable.swift */,
			);
			path = Protocols;
			sourceTree = "<group>";
		};
		F0E25BD425F89DC700EA2707 /* Core */ = {
			isa = PBXGroup;
			children = (
				F076F83E260647280083AD3A /* Abilities */,
				F076F83D260647200083AD3A /* App */,
			);
			path = Core;
			sourceTree = "<group>";
		};
		F0E25BD525F89DDC00EA2707 /* Resources */ = {
			isa = PBXGroup;
			children = (
				F031FE0026025BDB004F47D5 /* Interfaces */,
				F031FDFF26025BCF004F47D5 /* JSONs */,
			);
			path = Resources;
			sourceTree = "<group>";
		};
		F0E25BE825F8A92600EA2707 /* Repositories */ = {
			isa = PBXGroup;
			children = (
				F0555B2825F8C8BC00F23EDD /* Currency */,
			);
			path = Repositories;
			sourceTree = "<group>";
		};
		F0E25BF925F8ABD600EA2707 /* Requests & Responses */ = {
			isa = PBXGroup;
			children = (
				F0555B0925F8B02F00F23EDD /* Responses */,
				F0E25BFA25F8ABE800EA2707 /* Requests */,
			);
			path = "Requests & Responses";
			sourceTree = "<group>";
		};
		F0E25BFA25F8ABE800EA2707 /* Requests */ = {
			isa = PBXGroup;
			children = (
				F077955C25F8AF0100368DA3 /* Currency */,
			);
			path = Requests;
			sourceTree = "<group>";
		};
		F0E352AC25F8731C00BBEAC5 /* Currency */ = {
			isa = PBXGroup;
			children = (
				F0E352AF25F8734300BBEAC5 /* Repository */,
				F0E352AD25F8732E00BBEAC5 /* DataSources */,
			);
			path = Currency;
			sourceTree = "<group>";
		};
		F0E352AD25F8732E00BBEAC5 /* DataSources */ = {
			isa = PBXGroup;
			children = (
				F0E352B025F8737A00BBEAC5 /* CurrencyRemoteDataSource.swift */,
			);
			path = DataSources;
			sourceTree = "<group>";
		};
		F0E352AF25F8734300BBEAC5 /* Repository */ = {
			isa = PBXGroup;
			children = (
				F0B1D65425F7E61E00CBEFD7 /* CurrencyRepository.swift */,
			);
			path = Repository;
			sourceTree = "<group>";
		};
/* End PBXGroup section */

/* Begin PBXNativeTarget section */
		F0B1D54D25F77DAD00CBEFD7 /* CurrencyApp */ = {
			isa = PBXNativeTarget;
			buildConfigurationList = F0B1D57825F77DB000CBEFD7 /* Build configuration list for PBXNativeTarget "CurrencyApp" */;
			buildPhases = (
				60C98D10ACA33342A8723124 /* [CP] Check Pods Manifest.lock */,
				F0B1D54A25F77DAD00CBEFD7 /* Sources */,
				F0B1D54B25F77DAD00CBEFD7 /* Frameworks */,
				F0B1D54C25F77DAD00CBEFD7 /* Resources */,
				C09DF8703CEFC896133226F1 /* [CP] Embed Pods Frameworks */,
			);
			buildRules = (
			);
			dependencies = (
			);
			name = CurrencyApp;
			productName = CurrencyApp;
			productReference = F0B1D54E25F77DAD00CBEFD7 /* CurrencyApp.app */;
			productType = "com.apple.product-type.application";
		};
		F0B1D56325F77DB000CBEFD7 /* CurrencyAppTests */ = {
			isa = PBXNativeTarget;
			buildConfigurationList = F0B1D57B25F77DB000CBEFD7 /* Build configuration list for PBXNativeTarget "CurrencyAppTests" */;
			buildPhases = (
				BB055EA7342B7E09F78241CD /* [CP] Check Pods Manifest.lock */,
				F0B1D56025F77DB000CBEFD7 /* Sources */,
				F0B1D56125F77DB000CBEFD7 /* Frameworks */,
				F0B1D56225F77DB000CBEFD7 /* Resources */,
				46572D635685BA0810CAB729 /* [CP] Embed Pods Frameworks */,
			);
			buildRules = (
			);
			dependencies = (
				F0B1D56625F77DB000CBEFD7 /* PBXTargetDependency */,
			);
			name = CurrencyAppTests;
			productName = CurrencyAppTests;
			productReference = F0B1D56425F77DB000CBEFD7 /* CurrencyAppTests.xctest */;
			productType = "com.apple.product-type.bundle.unit-test";
		};
		F0B1D56E25F77DB000CBEFD7 /* CurrencyAppUITests */ = {
			isa = PBXNativeTarget;
			buildConfigurationList = F0B1D57E25F77DB000CBEFD7 /* Build configuration list for PBXNativeTarget "CurrencyAppUITests" */;
			buildPhases = (
				E20639B5A9CF6A206E620BA7 /* [CP] Check Pods Manifest.lock */,
				F0B1D56B25F77DB000CBEFD7 /* Sources */,
				F0B1D56C25F77DB000CBEFD7 /* Frameworks */,
				F0B1D56D25F77DB000CBEFD7 /* Resources */,
				DF34328B74AE61A33622D965 /* [CP] Embed Pods Frameworks */,
			);
			buildRules = (
			);
			dependencies = (
				F0B1D57125F77DB000CBEFD7 /* PBXTargetDependency */,
			);
			name = CurrencyAppUITests;
			productName = CurrencyAppUITests;
			productReference = F0B1D56F25F77DB000CBEFD7 /* CurrencyAppUITests.xctest */;
			productType = "com.apple.product-type.bundle.ui-testing";
		};
/* End PBXNativeTarget section */

/* Begin PBXProject section */
		F0B1D54625F77DAC00CBEFD7 /* Project object */ = {
			isa = PBXProject;
			attributes = {
				LastSwiftUpdateCheck = 1210;
				LastUpgradeCheck = 1210;
				TargetAttributes = {
					F0B1D54D25F77DAD00CBEFD7 = {
						CreatedOnToolsVersion = 12.1;
					};
					F0B1D56325F77DB000CBEFD7 = {
						CreatedOnToolsVersion = 12.1;
						TestTargetID = F0B1D54D25F77DAD00CBEFD7;
					};
					F0B1D56E25F77DB000CBEFD7 = {
						CreatedOnToolsVersion = 12.1;
						TestTargetID = F0B1D54D25F77DAD00CBEFD7;
					};
				};
			};
			buildConfigurationList = F0B1D54925F77DAC00CBEFD7 /* Build configuration list for PBXProject "CurrencyApp" */;
			compatibilityVersion = "Xcode 9.3";
			developmentRegion = en;
			hasScannedForEncodings = 0;
			knownRegions = (
				en,
				Base,
			);
			mainGroup = F0B1D54525F77DAC00CBEFD7;
			productRefGroup = F0B1D54F25F77DAD00CBEFD7 /* Products */;
			projectDirPath = "";
			projectRoot = "";
			targets = (
				F0B1D54D25F77DAD00CBEFD7 /* CurrencyApp */,
				F0B1D56325F77DB000CBEFD7 /* CurrencyAppTests */,
				F0B1D56E25F77DB000CBEFD7 /* CurrencyAppUITests */,
			);
		};
/* End PBXProject section */

/* Begin PBXResourcesBuildPhase section */
		F0B1D54C25F77DAD00CBEFD7 /* Resources */ = {
			isa = PBXResourcesBuildPhase;
			buildActionMask = 2147483647;
			files = (
				F0B1D5BD25F7838E00CBEFD7 /* Config.plist in Resources */,
				F0B1D55E25F77DAF00CBEFD7 /* LaunchScreen.storyboard in Resources */,
				F031FE0226025BF7004F47D5 /* currencies.json in Resources */,
				F0B1D55B25F77DAF00CBEFD7 /* Assets.xcassets in Resources */,
				F076F84D260649E30083AD3A /* SelectCurrency.storyboard in Resources */,
				F0B1D55925F77DAD00CBEFD7 /* Main.storyboard in Resources */,
				F076F85526064B0B0083AD3A /* SelectCurrencyTableViewCell.xib in Resources */,
				F06D283E25F9B86600E7BA88 /* MainPage.storyboard in Resources */,
			);
			runOnlyForDeploymentPostprocessing = 0;
		};
		F0B1D56225F77DB000CBEFD7 /* Resources */ = {
			isa = PBXResourcesBuildPhase;
			buildActionMask = 2147483647;
			files = (
				F0555B4525F8CB2700F23EDD /* get_rates_success.json in Resources */,
				F0634EB725F8DC3400FE5224 /* get_conversion_success.json in Resources */,
				F0555B3D25F8CABB00F23EDD /* get_currencies_success.json in Resources */,
			);
			runOnlyForDeploymentPostprocessing = 0;
		};
		F0B1D56D25F77DB000CBEFD7 /* Resources */ = {
			isa = PBXResourcesBuildPhase;
			buildActionMask = 2147483647;
			files = (
			);
			runOnlyForDeploymentPostprocessing = 0;
		};
/* End PBXResourcesBuildPhase section */

/* Begin PBXShellScriptBuildPhase section */
		46572D635685BA0810CAB729 /* [CP] Embed Pods Frameworks */ = {
			isa = PBXShellScriptBuildPhase;
			buildActionMask = 2147483647;
			files = (
			);
			inputFileListPaths = (
				"${PODS_ROOT}/Target Support Files/Pods-CurrencyAppTests/Pods-CurrencyAppTests-frameworks-${CONFIGURATION}-input-files.xcfilelist",
			);
			name = "[CP] Embed Pods Frameworks";
			outputFileListPaths = (
				"${PODS_ROOT}/Target Support Files/Pods-CurrencyAppTests/Pods-CurrencyAppTests-frameworks-${CONFIGURATION}-output-files.xcfilelist",
			);
			runOnlyForDeploymentPostprocessing = 0;
			shellPath = /bin/sh;
			shellScript = "\"${PODS_ROOT}/Target Support Files/Pods-CurrencyAppTests/Pods-CurrencyAppTests-frameworks.sh\"\n";
			showEnvVarsInLog = 0;
		};
		60C98D10ACA33342A8723124 /* [CP] Check Pods Manifest.lock */ = {
			isa = PBXShellScriptBuildPhase;
			buildActionMask = 2147483647;
			files = (
			);
			inputFileListPaths = (
			);
			inputPaths = (
				"${PODS_PODFILE_DIR_PATH}/Podfile.lock",
				"${PODS_ROOT}/Manifest.lock",
			);
			name = "[CP] Check Pods Manifest.lock";
			outputFileListPaths = (
			);
			outputPaths = (
				"$(DERIVED_FILE_DIR)/Pods-CurrencyApp-checkManifestLockResult.txt",
			);
			runOnlyForDeploymentPostprocessing = 0;
			shellPath = /bin/sh;
			shellScript = "diff \"${PODS_PODFILE_DIR_PATH}/Podfile.lock\" \"${PODS_ROOT}/Manifest.lock\" > /dev/null\nif [ $? != 0 ] ; then\n    # print error to STDERR\n    echo \"error: The sandbox is not in sync with the Podfile.lock. Run 'pod install' or update your CocoaPods installation.\" >&2\n    exit 1\nfi\n# This output is used by Xcode 'outputs' to avoid re-running this script phase.\necho \"SUCCESS\" > \"${SCRIPT_OUTPUT_FILE_0}\"\n";
			showEnvVarsInLog = 0;
		};
		BB055EA7342B7E09F78241CD /* [CP] Check Pods Manifest.lock */ = {
			isa = PBXShellScriptBuildPhase;
			buildActionMask = 2147483647;
			files = (
			);
			inputFileListPaths = (
			);
			inputPaths = (
				"${PODS_PODFILE_DIR_PATH}/Podfile.lock",
				"${PODS_ROOT}/Manifest.lock",
			);
			name = "[CP] Check Pods Manifest.lock";
			outputFileListPaths = (
			);
			outputPaths = (
				"$(DERIVED_FILE_DIR)/Pods-CurrencyAppTests-checkManifestLockResult.txt",
			);
			runOnlyForDeploymentPostprocessing = 0;
			shellPath = /bin/sh;
			shellScript = "diff \"${PODS_PODFILE_DIR_PATH}/Podfile.lock\" \"${PODS_ROOT}/Manifest.lock\" > /dev/null\nif [ $? != 0 ] ; then\n    # print error to STDERR\n    echo \"error: The sandbox is not in sync with the Podfile.lock. Run 'pod install' or update your CocoaPods installation.\" >&2\n    exit 1\nfi\n# This output is used by Xcode 'outputs' to avoid re-running this script phase.\necho \"SUCCESS\" > \"${SCRIPT_OUTPUT_FILE_0}\"\n";
			showEnvVarsInLog = 0;
		};
		C09DF8703CEFC896133226F1 /* [CP] Embed Pods Frameworks */ = {
			isa = PBXShellScriptBuildPhase;
			buildActionMask = 2147483647;
			files = (
			);
			inputFileListPaths = (
				"${PODS_ROOT}/Target Support Files/Pods-CurrencyApp/Pods-CurrencyApp-frameworks-${CONFIGURATION}-input-files.xcfilelist",
			);
			name = "[CP] Embed Pods Frameworks";
			outputFileListPaths = (
				"${PODS_ROOT}/Target Support Files/Pods-CurrencyApp/Pods-CurrencyApp-frameworks-${CONFIGURATION}-output-files.xcfilelist",
			);
			runOnlyForDeploymentPostprocessing = 0;
			shellPath = /bin/sh;
			shellScript = "\"${PODS_ROOT}/Target Support Files/Pods-CurrencyApp/Pods-CurrencyApp-frameworks.sh\"\n";
			showEnvVarsInLog = 0;
		};
		DF34328B74AE61A33622D965 /* [CP] Embed Pods Frameworks */ = {
			isa = PBXShellScriptBuildPhase;
			buildActionMask = 2147483647;
			files = (
			);
			inputFileListPaths = (
				"${PODS_ROOT}/Target Support Files/Pods-CurrencyApp-CurrencyAppUITests/Pods-CurrencyApp-CurrencyAppUITests-frameworks-${CONFIGURATION}-input-files.xcfilelist",
			);
			name = "[CP] Embed Pods Frameworks";
			outputFileListPaths = (
				"${PODS_ROOT}/Target Support Files/Pods-CurrencyApp-CurrencyAppUITests/Pods-CurrencyApp-CurrencyAppUITests-frameworks-${CONFIGURATION}-output-files.xcfilelist",
			);
			runOnlyForDeploymentPostprocessing = 0;
			shellPath = /bin/sh;
			shellScript = "\"${PODS_ROOT}/Target Support Files/Pods-CurrencyApp-CurrencyAppUITests/Pods-CurrencyApp-CurrencyAppUITests-frameworks.sh\"\n";
			showEnvVarsInLog = 0;
		};
		E20639B5A9CF6A206E620BA7 /* [CP] Check Pods Manifest.lock */ = {
			isa = PBXShellScriptBuildPhase;
			buildActionMask = 2147483647;
			files = (
			);
			inputFileListPaths = (
			);
			inputPaths = (
				"${PODS_PODFILE_DIR_PATH}/Podfile.lock",
				"${PODS_ROOT}/Manifest.lock",
			);
			name = "[CP] Check Pods Manifest.lock";
			outputFileListPaths = (
			);
			outputPaths = (
				"$(DERIVED_FILE_DIR)/Pods-CurrencyApp-CurrencyAppUITests-checkManifestLockResult.txt",
			);
			runOnlyForDeploymentPostprocessing = 0;
			shellPath = /bin/sh;
			shellScript = "diff \"${PODS_PODFILE_DIR_PATH}/Podfile.lock\" \"${PODS_ROOT}/Manifest.lock\" > /dev/null\nif [ $? != 0 ] ; then\n    # print error to STDERR\n    echo \"error: The sandbox is not in sync with the Podfile.lock. Run 'pod install' or update your CocoaPods installation.\" >&2\n    exit 1\nfi\n# This output is used by Xcode 'outputs' to avoid re-running this script phase.\necho \"SUCCESS\" > \"${SCRIPT_OUTPUT_FILE_0}\"\n";
			showEnvVarsInLog = 0;
		};
/* End PBXShellScriptBuildPhase section */

/* Begin PBXSourcesBuildPhase section */
		F0B1D54A25F77DAD00CBEFD7 /* Sources */ = {
			isa = PBXSourcesBuildPhase;
			buildActionMask = 2147483647;
			files = (
				F06D290025FB6CA500E7BA88 /* CALayer+Extensions.swift in Sources */,
				F076F8292606463E0083AD3A /* SelectCurrency.swift in Sources */,
				F0B1D5D725F7CD9200CBEFD7 /* GetRatesResponse.swift in Sources */,
				F06D283025F9B7AA00E7BA88 /* MainPageInteractor.swift in Sources */,
				F076F8232606463E0083AD3A /* SelectCurrencyPresenter.swift in Sources */,
				F0E3529D25F86A1600BBEAC5 /* CurrencyAPI.swift in Sources */,
				F0E25BBE25F882A200EA2707 /* GetRatesUseCase.swift in Sources */,
				F0E25BC325F8833500EA2707 /* GetConversionUseCase.swift in Sources */,
				F0E352B125F8737A00BBEAC5 /* CurrencyRemoteDataSource.swift in Sources */,
				F031FDDD2600DBAC004F47D5 /* UIViewController+Extension.swift in Sources */,
				F06D282B25F9B7AA00E7BA88 /* MainPagePresenter.swift in Sources */,
				F0B1D5B525F7833300CBEFD7 /* Config.swift in Sources */,
				F076F80126051DC50083AD3A /* JSONUtils.swift in Sources */,
				F0B1D5DC25F7CE0A00CBEFD7 /* GetConversionResponse.swift in Sources */,
				F06D283125F9B7AA00E7BA88 /* MainPage.swift in Sources */,
				F06D285025FA2A2000E7BA88 /* Double+Extensions.swift in Sources */,
				F076F85426064B0B0083AD3A /* SelectCurrencyTableViewCell.swift in Sources */,
				F0B1D5FC25F7D7F800CBEFD7 /* GetRatesRequest.swift in Sources */,
				F0B1D5CA25F7CB8400CBEFD7 /* GetCurrenciesResponse.swift in Sources */,
				F076F8252606463E0083AD3A /* SelectCurrencyRouter.swift in Sources */,
				F0B1D5EF25F7D6FD00CBEFD7 /* Constants.swift in Sources */,
				F076F839260646D90083AD3A /* SelectCurrencyButton.swift in Sources */,
				F076F8402606473E0083AD3A /* Delegate.swift in Sources */,
				F0E3528F25F8638F00BBEAC5 /* Conversion.swift in Sources */,
				F0E25BC825F8978A00EA2707 /* Moya+Extensions.swift in Sources */,
				F0E25BB925F87E0D00EA2707 /* GetCurrenciesUseCase.swift in Sources */,
				F076F8282606463E0083AD3A /* SelectCurrencyInteractor.swift in Sources */,
				F0B1D60125F7D82300CBEFD7 /* GetConversionRequest.swift in Sources */,
				F06D282D25F9B7AA00E7BA88 /* MainPageRouter.swift in Sources */,
				F06D282E25F9B7AA00E7BA88 /* MainPageViewController.swift in Sources */,
				F0B1D5E925F7D6AA00CBEFD7 /* GetCurrenciesRequest.swift in Sources */,
				F0B1D60925F7DE1500CBEFD7 /* RequestConfigable.swift in Sources */,
				F0E352C425F8781300BBEAC5 /* Data+Extensions.swift in Sources */,
				F0B1D61825F7E04400CBEFD7 /* BaseRequest.swift in Sources */,
				F0E352C925F87A1400BBEAC5 /* CurrencyErrorResponse.swift in Sources */,
				F0B1D61D25F7E0F600CBEFD7 /* Requestable.swift in Sources */,
				F0B1D5CF25F7CBCF00CBEFD7 /* BaseResponse.swift in Sources */,
				F076F8272606463E0083AD3A /* SelectCurrencyProtocols.swift in Sources */,
				F0E3527D25F862D700BBEAC5 /* Currency.swift in Sources */,
				F0B1D55225F77DAD00CBEFD7 /* AppDelegate.swift in Sources */,
				F0E3528225F8630C00BBEAC5 /* Rate.swift in Sources */,
				F0B1D65525F7E61E00CBEFD7 /* CurrencyRepository.swift in Sources */,
				F0B1D5C525F786FA00CBEFD7 /* Bundle+Extensions.swift in Sources */,
				F076F8262606463E0083AD3A /* SelectCurrencyViewController.swift in Sources */,
				F0E352BF25F8779800BBEAC5 /* CurrencyError.swift in Sources */,
				F06D282F25F9B7AA00E7BA88 /* MainPageProtocols.swift in Sources */,
			);
			runOnlyForDeploymentPostprocessing = 0;
		};
		F0B1D56025F77DB000CBEFD7 /* Sources */ = {
			isa = PBXSourcesBuildPhase;
			buildActionMask = 2147483647;
			files = (
				F0634EEF25F9211F00FE5224 /* MockGetRatesUseCase.swift in Sources */,
				F031FDF52600E056004F47D5 /* MainPagePresenterTests.swift in Sources */,
				F0634ED325F91DEC00FE5224 /* MockGetCurrenciesUseCase.swift in Sources */,
				F0555B1525F8B2A400F23EDD /* MockCurrencyErrorResponseFactory.swift in Sources */,
				F0E25BF525F8A95500EA2707 /* CurrencyRepositoryTests.swift in Sources */,
				F06D27E625F9251400E7BA88 /* CurrencyAPITests.swift in Sources */,
				F0634EF425F9218600FE5224 /* GetRatesUseCaseTests.swift in Sources */,
				F0634EE725F91F2B00FE5224 /* GetCurrenciesUseCaseTests.swift in Sources */,
				F0634F0125F922E200FE5224 /* GetConversionUseCaseTests.swift in Sources */,
				F031FDED2600E048004F47D5 /* MainPageInteractorTests.swift in Sources */,
				F0634EF925F9220800FE5224 /* MockGetConversionUseCase.swift in Sources */,
				F0555B0C25F8B04E00F23EDD /* MockCurrencyResponseFactory.swift in Sources */,
				F0634EBF25F91B8400FE5224 /* MockCurrencyRemoteDataSource.swift in Sources */,
				F0634ECC25F91BF700FE5224 /* MockCurrencyRepository.swift in Sources */,
				F0555B2C25F8C8EC00F23EDD /* CurrencyRemoteDataSourceTests.swift in Sources */,
				F0E25BFC25F8AC0700EA2707 /* MockCurrencyRequestFactory.swift in Sources */,
			);
			runOnlyForDeploymentPostprocessing = 0;
		};
		F0B1D56B25F77DB000CBEFD7 /* Sources */ = {
			isa = PBXSourcesBuildPhase;
			buildActionMask = 2147483647;
			files = (
				F0B1D57425F77DB000CBEFD7 /* CurrencyAppUITests.swift in Sources */,
			);
			runOnlyForDeploymentPostprocessing = 0;
		};
/* End PBXSourcesBuildPhase section */

/* Begin PBXTargetDependency section */
		F0B1D56625F77DB000CBEFD7 /* PBXTargetDependency */ = {
			isa = PBXTargetDependency;
			target = F0B1D54D25F77DAD00CBEFD7 /* CurrencyApp */;
			targetProxy = F0B1D56525F77DB000CBEFD7 /* PBXContainerItemProxy */;
		};
		F0B1D57125F77DB000CBEFD7 /* PBXTargetDependency */ = {
			isa = PBXTargetDependency;
			target = F0B1D54D25F77DAD00CBEFD7 /* CurrencyApp */;
			targetProxy = F0B1D57025F77DB000CBEFD7 /* PBXContainerItemProxy */;
		};
/* End PBXTargetDependency section */

/* Begin PBXVariantGroup section */
		F0B1D55725F77DAD00CBEFD7 /* Main.storyboard */ = {
			isa = PBXVariantGroup;
			children = (
				F0B1D55825F77DAD00CBEFD7 /* Base */,
			);
			name = Main.storyboard;
			sourceTree = "<group>";
		};
		F0B1D55C25F77DAF00CBEFD7 /* LaunchScreen.storyboard */ = {
			isa = PBXVariantGroup;
			children = (
				F0B1D55D25F77DAF00CBEFD7 /* Base */,
			);
			name = LaunchScreen.storyboard;
			sourceTree = "<group>";
		};
/* End PBXVariantGroup section */

/* Begin XCBuildConfiguration section */
		F0B1D57625F77DB000CBEFD7 /* Debug */ = {
			isa = XCBuildConfiguration;
			buildSettings = {
				ALWAYS_SEARCH_USER_PATHS = NO;
				CLANG_ANALYZER_NONNULL = YES;
				CLANG_ANALYZER_NUMBER_OBJECT_CONVERSION = YES_AGGRESSIVE;
				CLANG_CXX_LANGUAGE_STANDARD = "gnu++14";
				CLANG_CXX_LIBRARY = "libc++";
				CLANG_ENABLE_MODULES = YES;
				CLANG_ENABLE_OBJC_ARC = YES;
				CLANG_ENABLE_OBJC_WEAK = YES;
				CLANG_WARN_BLOCK_CAPTURE_AUTORELEASING = YES;
				CLANG_WARN_BOOL_CONVERSION = YES;
				CLANG_WARN_COMMA = YES;
				CLANG_WARN_CONSTANT_CONVERSION = YES;
				CLANG_WARN_DEPRECATED_OBJC_IMPLEMENTATIONS = YES;
				CLANG_WARN_DIRECT_OBJC_ISA_USAGE = YES_ERROR;
				CLANG_WARN_DOCUMENTATION_COMMENTS = YES;
				CLANG_WARN_EMPTY_BODY = YES;
				CLANG_WARN_ENUM_CONVERSION = YES;
				CLANG_WARN_INFINITE_RECURSION = YES;
				CLANG_WARN_INT_CONVERSION = YES;
				CLANG_WARN_NON_LITERAL_NULL_CONVERSION = YES;
				CLANG_WARN_OBJC_IMPLICIT_RETAIN_SELF = YES;
				CLANG_WARN_OBJC_LITERAL_CONVERSION = YES;
				CLANG_WARN_OBJC_ROOT_CLASS = YES_ERROR;
				CLANG_WARN_QUOTED_INCLUDE_IN_FRAMEWORK_HEADER = YES;
				CLANG_WARN_RANGE_LOOP_ANALYSIS = YES;
				CLANG_WARN_STRICT_PROTOTYPES = YES;
				CLANG_WARN_SUSPICIOUS_MOVE = YES;
				CLANG_WARN_UNGUARDED_AVAILABILITY = YES_AGGRESSIVE;
				CLANG_WARN_UNREACHABLE_CODE = YES;
				CLANG_WARN__DUPLICATE_METHOD_MATCH = YES;
				COPY_PHASE_STRIP = NO;
				DEBUG_INFORMATION_FORMAT = dwarf;
				ENABLE_STRICT_OBJC_MSGSEND = YES;
				ENABLE_TESTABILITY = YES;
				GCC_C_LANGUAGE_STANDARD = gnu11;
				GCC_DYNAMIC_NO_PIC = NO;
				GCC_NO_COMMON_BLOCKS = YES;
				GCC_OPTIMIZATION_LEVEL = 0;
				GCC_PREPROCESSOR_DEFINITIONS = (
					"DEBUG=1",
					"$(inherited)",
				);
				GCC_WARN_64_TO_32_BIT_CONVERSION = YES;
				GCC_WARN_ABOUT_RETURN_TYPE = YES_ERROR;
				GCC_WARN_UNDECLARED_SELECTOR = YES;
				GCC_WARN_UNINITIALIZED_AUTOS = YES_AGGRESSIVE;
				GCC_WARN_UNUSED_FUNCTION = YES;
				GCC_WARN_UNUSED_VARIABLE = YES;
				IPHONEOS_DEPLOYMENT_TARGET = 14.1;
				MTL_ENABLE_DEBUG_INFO = INCLUDE_SOURCE;
				MTL_FAST_MATH = YES;
				ONLY_ACTIVE_ARCH = YES;
				SDKROOT = iphoneos;
				SWIFT_ACTIVE_COMPILATION_CONDITIONS = DEBUG;
				SWIFT_OPTIMIZATION_LEVEL = "-Onone";
			};
			name = Debug;
		};
		F0B1D57725F77DB000CBEFD7 /* Release */ = {
			isa = XCBuildConfiguration;
			buildSettings = {
				ALWAYS_SEARCH_USER_PATHS = NO;
				CLANG_ANALYZER_NONNULL = YES;
				CLANG_ANALYZER_NUMBER_OBJECT_CONVERSION = YES_AGGRESSIVE;
				CLANG_CXX_LANGUAGE_STANDARD = "gnu++14";
				CLANG_CXX_LIBRARY = "libc++";
				CLANG_ENABLE_MODULES = YES;
				CLANG_ENABLE_OBJC_ARC = YES;
				CLANG_ENABLE_OBJC_WEAK = YES;
				CLANG_WARN_BLOCK_CAPTURE_AUTORELEASING = YES;
				CLANG_WARN_BOOL_CONVERSION = YES;
				CLANG_WARN_COMMA = YES;
				CLANG_WARN_CONSTANT_CONVERSION = YES;
				CLANG_WARN_DEPRECATED_OBJC_IMPLEMENTATIONS = YES;
				CLANG_WARN_DIRECT_OBJC_ISA_USAGE = YES_ERROR;
				CLANG_WARN_DOCUMENTATION_COMMENTS = YES;
				CLANG_WARN_EMPTY_BODY = YES;
				CLANG_WARN_ENUM_CONVERSION = YES;
				CLANG_WARN_INFINITE_RECURSION = YES;
				CLANG_WARN_INT_CONVERSION = YES;
				CLANG_WARN_NON_LITERAL_NULL_CONVERSION = YES;
				CLANG_WARN_OBJC_IMPLICIT_RETAIN_SELF = YES;
				CLANG_WARN_OBJC_LITERAL_CONVERSION = YES;
				CLANG_WARN_OBJC_ROOT_CLASS = YES_ERROR;
				CLANG_WARN_QUOTED_INCLUDE_IN_FRAMEWORK_HEADER = YES;
				CLANG_WARN_RANGE_LOOP_ANALYSIS = YES;
				CLANG_WARN_STRICT_PROTOTYPES = YES;
				CLANG_WARN_SUSPICIOUS_MOVE = YES;
				CLANG_WARN_UNGUARDED_AVAILABILITY = YES_AGGRESSIVE;
				CLANG_WARN_UNREACHABLE_CODE = YES;
				CLANG_WARN__DUPLICATE_METHOD_MATCH = YES;
				COPY_PHASE_STRIP = NO;
				DEBUG_INFORMATION_FORMAT = "dwarf-with-dsym";
				ENABLE_NS_ASSERTIONS = NO;
				ENABLE_STRICT_OBJC_MSGSEND = YES;
				GCC_C_LANGUAGE_STANDARD = gnu11;
				GCC_NO_COMMON_BLOCKS = YES;
				GCC_WARN_64_TO_32_BIT_CONVERSION = YES;
				GCC_WARN_ABOUT_RETURN_TYPE = YES_ERROR;
				GCC_WARN_UNDECLARED_SELECTOR = YES;
				GCC_WARN_UNINITIALIZED_AUTOS = YES_AGGRESSIVE;
				GCC_WARN_UNUSED_FUNCTION = YES;
				GCC_WARN_UNUSED_VARIABLE = YES;
				IPHONEOS_DEPLOYMENT_TARGET = 14.1;
				MTL_ENABLE_DEBUG_INFO = NO;
				MTL_FAST_MATH = YES;
				SDKROOT = iphoneos;
				SWIFT_COMPILATION_MODE = wholemodule;
				SWIFT_OPTIMIZATION_LEVEL = "-O";
				VALIDATE_PRODUCT = YES;
			};
			name = Release;
		};
		F0B1D57925F77DB000CBEFD7 /* Debug */ = {
			isa = XCBuildConfiguration;
			baseConfigurationReference = 9D085A5DDA891176A42E03CF /* Pods-CurrencyApp.debug.xcconfig */;
			buildSettings = {
				ASSETCATALOG_COMPILER_APPICON_NAME = AppIcon;
				ASSETCATALOG_COMPILER_GLOBAL_ACCENT_COLOR_NAME = AccentColor;
				CODE_SIGN_STYLE = Automatic;
				INFOPLIST_FILE = "CurrencyApp/Support Files/Info.plist";
				LD_RUNPATH_SEARCH_PATHS = (
					"$(inherited)",
					"@executable_path/Frameworks",
				);
				PRODUCT_BUNDLE_IDENTIFIER = "com.example-app.CurrencyApp";
				PRODUCT_NAME = "$(TARGET_NAME)";
				SWIFT_VERSION = 5.0;
				TARGETED_DEVICE_FAMILY = "1,2";
			};
			name = Debug;
		};
		F0B1D57A25F77DB000CBEFD7 /* Release */ = {
			isa = XCBuildConfiguration;
			baseConfigurationReference = B9D824D871E8ADE45B6928F5 /* Pods-CurrencyApp.release.xcconfig */;
			buildSettings = {
				ASSETCATALOG_COMPILER_APPICON_NAME = AppIcon;
				ASSETCATALOG_COMPILER_GLOBAL_ACCENT_COLOR_NAME = AccentColor;
				CODE_SIGN_STYLE = Automatic;
				INFOPLIST_FILE = "CurrencyApp/Support Files/Info.plist";
				LD_RUNPATH_SEARCH_PATHS = (
					"$(inherited)",
					"@executable_path/Frameworks",
				);
				PRODUCT_BUNDLE_IDENTIFIER = "com.example-app.CurrencyApp";
				PRODUCT_NAME = "$(TARGET_NAME)";
				SWIFT_VERSION = 5.0;
				TARGETED_DEVICE_FAMILY = "1,2";
			};
			name = Release;
		};
		F0B1D57C25F77DB000CBEFD7 /* Debug */ = {
			isa = XCBuildConfiguration;
			baseConfigurationReference = F5A0763E6D8C2742D44B4213 /* Pods-CurrencyAppTests.debug.xcconfig */;
			buildSettings = {
				ALWAYS_EMBED_SWIFT_STANDARD_LIBRARIES = YES;
				BUNDLE_LOADER = "$(TEST_HOST)";
				CODE_SIGN_STYLE = Automatic;
				INFOPLIST_FILE = CurrencyAppTests/Info.plist;
				IPHONEOS_DEPLOYMENT_TARGET = 14.1;
				LD_RUNPATH_SEARCH_PATHS = (
					"$(inherited)",
					"@executable_path/Frameworks",
					"@loader_path/Frameworks",
				);
				PRODUCT_BUNDLE_IDENTIFIER = "com.example-app.CurrencyAppTests";
				PRODUCT_NAME = "$(TARGET_NAME)";
				SWIFT_VERSION = 5.0;
				TARGETED_DEVICE_FAMILY = "1,2";
				TEST_HOST = "$(BUILT_PRODUCTS_DIR)/CurrencyApp.app/CurrencyApp";
			};
			name = Debug;
		};
		F0B1D57D25F77DB000CBEFD7 /* Release */ = {
			isa = XCBuildConfiguration;
			baseConfigurationReference = 98B9189DF4001F2193C69554 /* Pods-CurrencyAppTests.release.xcconfig */;
			buildSettings = {
				ALWAYS_EMBED_SWIFT_STANDARD_LIBRARIES = YES;
				BUNDLE_LOADER = "$(TEST_HOST)";
				CODE_SIGN_STYLE = Automatic;
				INFOPLIST_FILE = CurrencyAppTests/Info.plist;
				IPHONEOS_DEPLOYMENT_TARGET = 14.1;
				LD_RUNPATH_SEARCH_PATHS = (
					"$(inherited)",
					"@executable_path/Frameworks",
					"@loader_path/Frameworks",
				);
				PRODUCT_BUNDLE_IDENTIFIER = "com.example-app.CurrencyAppTests";
				PRODUCT_NAME = "$(TARGET_NAME)";
				SWIFT_VERSION = 5.0;
				TARGETED_DEVICE_FAMILY = "1,2";
				TEST_HOST = "$(BUILT_PRODUCTS_DIR)/CurrencyApp.app/CurrencyApp";
			};
			name = Release;
		};
		F0B1D57F25F77DB000CBEFD7 /* Debug */ = {
			isa = XCBuildConfiguration;
			baseConfigurationReference = 8A40AA227D762B2619626CDB /* Pods-CurrencyApp-CurrencyAppUITests.debug.xcconfig */;
			buildSettings = {
				ALWAYS_EMBED_SWIFT_STANDARD_LIBRARIES = YES;
				CODE_SIGN_STYLE = Automatic;
				INFOPLIST_FILE = CurrencyAppUITests/Info.plist;
				LD_RUNPATH_SEARCH_PATHS = (
					"$(inherited)",
					"@executable_path/Frameworks",
					"@loader_path/Frameworks",
				);
				PRODUCT_BUNDLE_IDENTIFIER = "com.example-app.CurrencyAppUITests";
				PRODUCT_NAME = "$(TARGET_NAME)";
				SWIFT_VERSION = 5.0;
				TARGETED_DEVICE_FAMILY = "1,2";
				TEST_TARGET_NAME = CurrencyApp;
			};
			name = Debug;
		};
		F0B1D58025F77DB000CBEFD7 /* Release */ = {
			isa = XCBuildConfiguration;
			baseConfigurationReference = 464490AC9AF2BAFB8D2F787E /* Pods-CurrencyApp-CurrencyAppUITests.release.xcconfig */;
			buildSettings = {
				ALWAYS_EMBED_SWIFT_STANDARD_LIBRARIES = YES;
				CODE_SIGN_STYLE = Automatic;
				INFOPLIST_FILE = CurrencyAppUITests/Info.plist;
				LD_RUNPATH_SEARCH_PATHS = (
					"$(inherited)",
					"@executable_path/Frameworks",
					"@loader_path/Frameworks",
				);
				PRODUCT_BUNDLE_IDENTIFIER = "com.example-app.CurrencyAppUITests";
				PRODUCT_NAME = "$(TARGET_NAME)";
				SWIFT_VERSION = 5.0;
				TARGETED_DEVICE_FAMILY = "1,2";
				TEST_TARGET_NAME = CurrencyApp;
			};
			name = Release;
		};
/* End XCBuildConfiguration section */

/* Begin XCConfigurationList section */
		F0B1D54925F77DAC00CBEFD7 /* Build configuration list for PBXProject "CurrencyApp" */ = {
			isa = XCConfigurationList;
			buildConfigurations = (
				F0B1D57625F77DB000CBEFD7 /* Debug */,
				F0B1D57725F77DB000CBEFD7 /* Release */,
			);
			defaultConfigurationIsVisible = 0;
			defaultConfigurationName = Release;
		};
		F0B1D57825F77DB000CBEFD7 /* Build configuration list for PBXNativeTarget "CurrencyApp" */ = {
			isa = XCConfigurationList;
			buildConfigurations = (
				F0B1D57925F77DB000CBEFD7 /* Debug */,
				F0B1D57A25F77DB000CBEFD7 /* Release */,
			);
			defaultConfigurationIsVisible = 0;
			defaultConfigurationName = Release;
		};
		F0B1D57B25F77DB000CBEFD7 /* Build configuration list for PBXNativeTarget "CurrencyAppTests" */ = {
			isa = XCConfigurationList;
			buildConfigurations = (
				F0B1D57C25F77DB000CBEFD7 /* Debug */,
				F0B1D57D25F77DB000CBEFD7 /* Release */,
			);
			defaultConfigurationIsVisible = 0;
			defaultConfigurationName = Release;
		};
		F0B1D57E25F77DB000CBEFD7 /* Build configuration list for PBXNativeTarget "CurrencyAppUITests" */ = {
			isa = XCConfigurationList;
			buildConfigurations = (
				F0B1D57F25F77DB000CBEFD7 /* Debug */,
				F0B1D58025F77DB000CBEFD7 /* Release */,
			);
			defaultConfigurationIsVisible = 0;
			defaultConfigurationName = Release;
		};
/* End XCConfigurationList section */
	};
	rootObject = F0B1D54625F77DAC00CBEFD7 /* Project object */;
}
